
Microsoft Visual Studio Solution File, Format Version 12.00
# Visual Studio Version 16
VisualStudioVersion = 16.0.30320.27
MinimumVisualStudioVersion = 10.0.40219.1
Project("{FAE04EC0-301F-11D3-BF4B-00C04F79EFBC}") = "BookW", "BookW.csproj", "{C763161F-4753-4DEA-922A-16A8E44048F0}"
EndProject
Global
	GlobalSection(SolutionConfigurationPlatforms) = preSolution
		Debug|Any CPU = Debug|Any CPU
		Release|Any CPU = Release|Any CPU
	EndGlobalSection
	GlobalSection(ProjectConfigurationPlatforms) = postSolution
		{C763161F-4753-4DEA-922A-16A8E44048F0}.Debug|Any CPU.ActiveCfg = Debug|Any CPU
		{C763161F-4753-4DEA-922A-16A8E44048F0}.Debug|Any CPU.Build.0 = Debug|Any CPU
		{C763161F-4753-4DEA-922A-16A8E44048F0}.Release|Any CPU.ActiveCfg = Release|Any CPU
		{C763161F-4753-4DEA-922A-16A8E44048F0}.Release|Any CPU.Build.0 = Release|Any CPU
	EndGlobalSection
	GlobalSection(SolutionProperties) = preSolution
		HideSolutionNode = FALSE
	EndGlobalSection
	GlobalSection(ExtensibilityGlobals) = postSolution
		SolutionGuid = {BFE81734-AD97-4F63-AE66-F683094CB84E}
	EndGlobalSection
EndGlobal
